
Microsoft Visual Studio Solution File, Format Version 12.00
# Visual Studio Version 17
VisualStudioVersion = 17.11.35303.130
MinimumVisualStudioVersion = 10.0.40219.1
Project("{FAE04EC0-301F-11D3-BF4B-00C04F79EFBC}") = "HaratzatMivhan", "HaratzatMivhan\HaratzatMivhan.csproj", "{C19428B1-0C65-42E9-9A6F-794AB8E1EE01}"
EndProject
Global
	GlobalSection(SolutionConfigurationPlatforms) = preSolution
		Debug|Any CPU = Debug|Any CPU
		Release|Any CPU = Release|Any CPU
	EndGlobalSection
	GlobalSection(ProjectConfigurationPlatforms) = postSolution
		{C19428B1-0C65-42E9-9A6F-794AB8E1EE01}.Debug|Any CPU.ActiveCfg = Debug|Any CPU
		{C19428B1-0C65-42E9-9A6F-794AB8E1EE01}.Debug|Any CPU.Build.0 = Debug|Any CPU
		{C19428B1-0C65-42E9-9A6F-794AB8E1EE01}.Release|Any CPU.ActiveCfg = Release|Any CPU
		{C19428B1-0C65-42E9-9A6F-794AB8E1EE01}.Release|Any CPU.Build.0 = Release|Any CPU
	EndGlobalSection
	GlobalSection(SolutionProperties) = preSolution
		HideSolutionNode = FALSE
	EndGlobalSection
	GlobalSection(ExtensibilityGlobals) = postSolution
		SolutionGuid = {7F28F423-AFB8-41B1-8A67-B9BA9E62778A}
	EndGlobalSection
EndGlobal
